
Microsoft Visual Studio Solution File, Format Version 12.00
# Visual Studio Version 16
VisualStudioVersion = 16.0.31515.178
MinimumVisualStudioVersion = 10.0.40219.1
Project("{FAE04EC0-301F-11D3-BF4B-00C04F79EFBC}") = "WebProject", "WebProject\WebProject.csproj", "{0303804C-50BC-4589-B478-5313056320AE}"
EndProject
Global
	GlobalSection(SolutionConfigurationPlatforms) = preSolution
		Debug|Any CPU = Debug|Any CPU
		Release|Any CPU = Release|Any CPU
	EndGlobalSection
	GlobalSection(ProjectConfigurationPlatforms) = postSolution
		{0303804C-50BC-4589-B478-5313056320AE}.Debug|Any CPU.ActiveCfg = Debug|Any CPU
		{0303804C-50BC-4589-B478-5313056320AE}.Debug|Any CPU.Build.0 = Debug|Any CPU
		{0303804C-50BC-4589-B478-5313056320AE}.Release|Any CPU.ActiveCfg = Release|Any CPU
		{0303804C-50BC-4589-B478-5313056320AE}.Release|Any CPU.Build.0 = Release|Any CPU
	EndGlobalSection
	GlobalSection(SolutionProperties) = preSolution
		HideSolutionNode = FALSE
	EndGlobalSection
	GlobalSection(ExtensibilityGlobals) = postSolution
		SolutionGuid = {362E1C83-FFF8-41BA-876E-E658E9D83968}
	EndGlobalSection
EndGlobal
